
Microsoft Visual Studio Solution File, Format Version 12.00
# Visual Studio Version 16
VisualStudioVersion = 16.0.30204.135
MinimumVisualStudioVersion = 10.0.40219.1
Project("{FAE04EC0-301F-11D3-BF4B-00C04F79EFBC}") = "purgeoldfiles", "purgeoldfiles\purgeoldfiles.csproj", "{A5DB1F11-C5CB-4AEB-B185-CB60479570F8}"
EndProject
Global
	GlobalSection(SolutionConfigurationPlatforms) = preSolution
		Debug|Any CPU = Debug|Any CPU
		Release|Any CPU = Release|Any CPU
	EndGlobalSection
	GlobalSection(ProjectConfigurationPlatforms) = postSolution
		{A5DB1F11-C5CB-4AEB-B185-CB60479570F8}.Debug|Any CPU.ActiveCfg = Debug|Any CPU
		{A5DB1F11-C5CB-4AEB-B185-CB60479570F8}.Debug|Any CPU.Build.0 = Debug|Any CPU
		{A5DB1F11-C5CB-4AEB-B185-CB60479570F8}.Release|Any CPU.ActiveCfg = Release|Any CPU
		{A5DB1F11-C5CB-4AEB-B185-CB60479570F8}.Release|Any CPU.Build.0 = Release|Any CPU
	EndGlobalSection
	GlobalSection(SolutionProperties) = preSolution
		HideSolutionNode = FALSE
	EndGlobalSection
	GlobalSection(ExtensibilityGlobals) = postSolution
		SolutionGuid = {A471870F-A6C3-4CE7-A369-588FEAD7ADAC}
	EndGlobalSection
EndGlobal
